
Microsoft Visual Studio Solution File, Format Version 12.00
# Visual Studio Version 17
VisualStudioVersion = 17.2.32616.157
MinimumVisualStudioVersion = 10.0.40219.1
Project("{FAE04EC0-301F-11D3-BF4B-00C04F79EFBC}") = "MovieTickets", "MovieTickets\MovieTickets.csproj", "{B1B57399-537F-42E8-9B6A-DAE4B28B830B}"
EndProject
Global
	GlobalSection(SolutionConfigurationPlatforms) = preSolution
		Debug|Any CPU = Debug|Any CPU
		Release|Any CPU = Release|Any CPU
	EndGlobalSection
	GlobalSection(ProjectConfigurationPlatforms) = postSolution
		{B1B57399-537F-42E8-9B6A-DAE4B28B830B}.Debug|Any CPU.ActiveCfg = Debug|Any CPU
		{B1B57399-537F-42E8-9B6A-DAE4B28B830B}.Debug|Any CPU.Build.0 = Debug|Any CPU
		{B1B57399-537F-42E8-9B6A-DAE4B28B830B}.Release|Any CPU.ActiveCfg = Release|Any CPU
		{B1B57399-537F-42E8-9B6A-DAE4B28B830B}.Release|Any CPU.Build.0 = Release|Any CPU
	EndGlobalSection
	GlobalSection(SolutionProperties) = preSolution
		HideSolutionNode = FALSE
	EndGlobalSection
	GlobalSection(ExtensibilityGlobals) = postSolution
		SolutionGuid = {918BA2BB-D507-42F4-94BC-A9D2B73E9880}
	EndGlobalSection
EndGlobal
